
Microsoft Visual Studio Solution File, Format Version 12.00
# Visual Studio Version 16
VisualStudioVersion = 16.0.30011.22
MinimumVisualStudioVersion = 10.0.40219.1
Project("{FAE04EC0-301F-11D3-BF4B-00C04F79EFBC}") = "IOTWebServer", "IOTWebServer\IOTWebServer.csproj", "{A456FBA0-2BEE-4203-8358-1EB872619E1F}"
EndProject
Global
	GlobalSection(SolutionConfigurationPlatforms) = preSolution
		Debug|Any CPU = Debug|Any CPU
		Release|Any CPU = Release|Any CPU
	EndGlobalSection
	GlobalSection(ProjectConfigurationPlatforms) = postSolution
		{A456FBA0-2BEE-4203-8358-1EB872619E1F}.Debug|Any CPU.ActiveCfg = Debug|Any CPU
		{A456FBA0-2BEE-4203-8358-1EB872619E1F}.Debug|Any CPU.Build.0 = Debug|Any CPU
		{A456FBA0-2BEE-4203-8358-1EB872619E1F}.Release|Any CPU.ActiveCfg = Release|Any CPU
		{A456FBA0-2BEE-4203-8358-1EB872619E1F}.Release|Any CPU.Build.0 = Release|Any CPU
	EndGlobalSection
	GlobalSection(SolutionProperties) = preSolution
		HideSolutionNode = FALSE
	EndGlobalSection
	GlobalSection(ExtensibilityGlobals) = postSolution
		SolutionGuid = {4158C1EC-B86C-404A-8FC9-EEB6DBD9F61A}
	EndGlobalSection
EndGlobal
